<?xml version="1.0" encoding="UTF-8"?>
<Scheme
   LastUpgradeVersion = "0500"
   version = "1.3">
   <BuildAction
      parallelizeBuildables = "YES"
      buildImplicitDependencies = "YES">
      <BuildActionEntries>
         <BuildActionEntry
            buildForTesting = "YES"
            buildForRunning = "YES"
            buildForProfiling = "YES"
            buildForArchiving = "YES"
            buildForAnalyzing = "YES">
            <BuildableReference
               BuildableIdentifier = "primary"
               BlueprintIdentifier = "960E736A1773F9BB00677DBA"
               BuildableName = "Scribe2NeoScribe"
               BlueprintName = "Scribe2NeoScribe"
               ReferencedContainer = "container:NeoScribe.xcodeproj">
            </BuildableReference>
         </BuildActionEntry>
      </BuildActionEntries>
   </BuildAction>
   <TestAction
      selectedDebuggerIdentifier = "Xcode.DebuggerFoundation.Debugger.LLDB"
      selectedLauncherIdentifier = "Xcode.DebuggerFoundation.Launcher.LLDB"
      shouldUseLaunchSchemeArgsEnv = "YES"
      buildConfiguration = "Debug">
      <Testables>
      </Testables>
      <MacroExpansion>
         <BuildableReference
            BuildableIdentifier = "primary"
            BlueprintIdentifier = "960E736A1773F9BB00677DBA"
            BuildableName = "Scribe2NeoScribe"
            BlueprintName = "Scribe2NeoScribe"
            ReferencedContainer = "container:NeoScribe.xcodeproj">
         </BuildableReference>
      </MacroExpansion>
   </TestAction>
   <LaunchAction
      selectedDebuggerIdentifier = "Xcode.DebuggerFoundation.Debugger.LLDB"
      selectedLauncherIdentifier = "Xcode.DebuggerFoundation.Launcher.LLDB"
      launchStyle = "0"
      useCustomWorkingDirectory = "YES"
      customWorkingDirectory = "/Users/Jason/Musicology/eMirabilis/NeoScribe/testfiles"
      buildConfiguration = "Debug"
      ignoresPersistentStateOnLaunch = "NO"
      debugDocumentVersioning = "YES"
      allowLocationSimulation = "YES">
      <BuildableProductRunnable>
         <BuildableReference
            BuildableIdentifier = "primary"
            BlueprintIdentifier = "960E736A1773F9BB00677DBA"
            BuildableName = "Scribe2NeoScribe"
            BlueprintName = "Scribe2NeoScribe"
            ReferencedContainer = "container:NeoScribe.xcodeproj">
         </BuildableReference>
      </BuildableProductRunnable>
      <CommandLineArguments>
         <CommandLineArgument
            argument = "-e"
            isEnabled = "YES">
         </CommandLineArgument>
         <CommandLineArgument
            argument = "John\ A.\ Stinson"
            isEnabled = "YES">
         </CommandLineArgument>
         <CommandLineArgument
            argument = "ECCOLAPR.NEU"
            isEnabled = "NO">
         </CommandLineArgument>
         <CommandLineArgument
            argument = "GRADUAL.NEU"
            isEnabled = "NO">
         </CommandLineArgument>
         <CommandLineArgument
            argument = "BENEDICA.NEU"
            isEnabled = "NO">
         </CommandLineArgument>
         <CommandLineArgument
            argument = "POISSY.NEU"
            isEnabled = "NO">
         </CommandLineArgument>
         <CommandLineArgument
            argument = "TEMPORAL.NEU"
            isEnabled = "NO">
         </CommandLineArgument>
         <CommandLineArgument
            argument = "SANCTORAL.NEU"
            isEnabled = "NO">
         </CommandLineArgument>
         <CommandLineArgument
            argument = "TRECENTO.NEU"
            isEnabled = "NO">
         </CommandLineArgument>
         <CommandLineArgument
            argument = "LBL23935.NEU"
            isEnabled = "NO">
         </CommandLineArgument>
         <CommandLineArgument
            argument = "VIRTUTES.NEU"
            isEnabled = "YES">
         </CommandLineArgument>
      </CommandLineArguments>
      <AdditionalOptions>
      </AdditionalOptions>
   </LaunchAction>
   <ProfileAction
      shouldUseLaunchSchemeArgsEnv = "YES"
      savedToolIdentifier = "/Applications/Xcode.app/Contents/Applications/Instruments.app/Contents/Resources/templates/Time Profiler.tracetemplate"
      useCustomWorkingDirectory = "NO"
      buildConfiguration = "Release"
      debugDocumentVersioning = "YES">
      <BuildableProductRunnable>
         <BuildableReference
            BuildableIdentifier = "primary"
            BlueprintIdentifier = "960E736A1773F9BB00677DBA"
            BuildableName = "Scribe2NeoScribe"
            BlueprintName = "Scribe2NeoScribe"
            ReferencedContainer = "container:NeoScribe.xcodeproj">
         </BuildableReference>
      </BuildableProductRunnable>
   </ProfileAction>
   <AnalyzeAction
      buildConfiguration = "Debug">
   </AnalyzeAction>
   <ArchiveAction
      buildConfiguration = "Release"
      revealArchiveInOrganizer = "YES">
   </ArchiveAction>
</Scheme>
